
Microsoft Visual Studio Solution File, Format Version 12.00
# Visual Studio Version 17
VisualStudioVersion = 17.5.33516.290
MinimumVisualStudioVersion = 10.0.40219.1
Project("{FAE04EC0-301F-11D3-BF4B-00C04F79EFBC}") = "AspDotNetLab1", "AspDotNetLab1\AspDotNetLab1.csproj", "{D0237688-5935-4343-BADC-1D22A8158565}"
EndProject
Global
	GlobalSection(SolutionConfigurationPlatforms) = preSolution
		Debug|Any CPU = Debug|Any CPU
		Release|Any CPU = Release|Any CPU
	EndGlobalSection
	GlobalSection(ProjectConfigurationPlatforms) = postSolution
		{D0237688-5935-4343-BADC-1D22A8158565}.Debug|Any CPU.ActiveCfg = Debug|Any CPU
		{D0237688-5935-4343-BADC-1D22A8158565}.Debug|Any CPU.Build.0 = Debug|Any CPU
		{D0237688-5935-4343-BADC-1D22A8158565}.Release|Any CPU.ActiveCfg = Release|Any CPU
		{D0237688-5935-4343-BADC-1D22A8158565}.Release|Any CPU.Build.0 = Release|Any CPU
	EndGlobalSection
	GlobalSection(SolutionProperties) = preSolution
		HideSolutionNode = FALSE
	EndGlobalSection
	GlobalSection(ExtensibilityGlobals) = postSolution
		SolutionGuid = {8758684C-EA40-4289-AACB-6AD1501E4D51}
	EndGlobalSection
EndGlobal
